PODS:
  - Ads-CN/BUAdSDK (6.7.0.8)
  - Ads-CN/CSJMediation (6.7.0.8):
    - Ads-CN/BUAdSDK
  - Ads-Global (7.1.1.0):
    - Ads-Global/BUAdSDK (= 7.1.1.0)
  - Ads-Global/BUAdSDK (7.1.1.0)
  - anythink_sdk (1.0.5):
    - Flutter
    - TPNAdmobSDKAdapter (= 6.4.88.1)
    - TPNBaiduSDKAdapter (= 6.4.88)
    - TPNDebugUISDK (= 1.0.6)
    - TPNGDTSDKAdapter (= 6.4.88)
    - TPNGromoreSDKAdapter (= 6.4.88)
    - TPNiOS (= 6.4.88)
    - TPNKuaiShouSDKAdapter (= 6.4.88)
    - TPNMintegralSDKAdapter (= 6.4.88)
    - TPNTTSDKAdapter_Mix (= 6.4.88)
  - app_tracking_transparency (0.0.1):
    - Flutter
  - appsflyer_sdk (6.15.3):
    - AppsFlyerFramework (= 6.15.3)
    - Flutter
  - AppsFlyerFramework (6.15.3):
    - AppsFlyerFramework/Main (= 6.15.3)
  - AppsFlyerFramework/Main (6.15.3)
  - audioplayers_darwin (0.0.1):
    - Flutter
  - BaiduMobAdSDK (5.391)
  - BigoADS (4.7.0)
  - ChartboostMediationAdapterChartboost (4.9.8.0.1):
    - ChartboostMediationSDK (~> 4.0)
    - ChartboostSDK (~> 9.8.0)
  - ChartboostMediationSDK (4.9.0.1)
  - ChartboostSDK (9.8.1)
  - connectivity_plus (0.0.1):
    - Flutter
  - FBAudienceNetwork (6.17.1)
  - Firebase/Analytics (11.0.0):
    - Firebase/Core
  - Firebase/Core (11.0.0):
    - Firebase/CoreOnly
    - FirebaseAnalytics (~> 11.0.0)
  - Firebase/CoreOnly (11.0.0):
    - FirebaseCore (= 11.0.0)
  - Firebase/Crashlytics (11.0.0):
    - Firebase/CoreOnly
    - FirebaseCrashlytics (~> 11.0.0)
  - Firebase/RemoteConfig (11.0.0):
    - Firebase/CoreOnly
    - FirebaseRemoteConfig (~> 11.0.0)
  - firebase_analytics (11.2.0):
    - Firebase/Analytics (= 11.0.0)
    - firebase_core
    - Flutter
  - firebase_core (3.4.0):
    - Firebase/CoreOnly (= 11.0.0)
    - Flutter
  - firebase_crashlytics (4.1.0):
    - Firebase/Crashlytics (= 11.0.0)
    - firebase_core
    - Flutter
  - firebase_remote_config (5.1.0):
    - Firebase/RemoteConfig (= 11.0.0)
    - firebase_core
    - Flutter
  - FirebaseABTesting (11.4.0):
    - FirebaseCore (~> 11.0)
  - FirebaseAnalytics (11.0.0):
    - FirebaseAnalytics/AdIdSupport (= 11.0.0)
    - FirebaseCore (~> 11.0)
    - FirebaseInstallations (~> 11.0)
    - GoogleUtilities/AppDelegateSwizzler (~> 8.0)
    - GoogleUtilities/MethodSwizzler (~> 8.0)
    - GoogleUtilities/Network (~> 8.0)
    - "GoogleUtilities/NSData+zlib (~> 8.0)"
    - nanopb (~> 3.30910.0)
  - FirebaseAnalytics/AdIdSupport (11.0.0):
    - FirebaseCore (~> 11.0)
    - FirebaseInstallations (~> 11.0)
    - GoogleAppMeasurement (= 11.0.0)
    - GoogleUtilities/AppDelegateSwizzler (~> 8.0)
    - GoogleUtilities/MethodSwizzler (~> 8.0)
    - GoogleUtilities/Network (~> 8.0)
    - "GoogleUtilities/NSData+zlib (~> 8.0)"
    - nanopb (~> 3.30910.0)
  - FirebaseCore (11.0.0):
    - FirebaseCoreInternal (~> 11.0)
    - GoogleUtilities/Environment (~> 8.0)
    - GoogleUtilities/Logger (~> 8.0)
  - FirebaseCoreExtension (11.4.1):
    - FirebaseCore (~> 11.0)
  - FirebaseCoreInternal (11.12.0):
    - "GoogleUtilities/NSData+zlib (~> 8.0)"
  - FirebaseCrashlytics (11.0.0):
    - FirebaseCore (~> 11.0)
    - FirebaseInstallations (~> 11.0)
    - FirebaseRemoteConfigInterop (~> 11.0)
    - FirebaseSessions (~> 11.0)
    - GoogleDataTransport (~> 10.0)
    - GoogleUtilities/Environment (~> 8.0)
    - nanopb (~> 3.30910.0)
    - PromisesObjC (~> 2.4)
  - FirebaseInstallations (11.4.0):
    - FirebaseCore (~> 11.0)
    - GoogleUtilities/Environment (~> 8.0)
    - GoogleUtilities/UserDefaults (~> 8.0)
    - PromisesObjC (~> 2.4)
  - FirebaseRemoteConfig (11.0.0):
    - FirebaseABTesting (~> 11.0)
    - FirebaseCore (~> 11.0)
    - FirebaseInstallations (~> 11.0)
    - FirebaseRemoteConfigInterop (~> 11.0)
    - FirebaseSharedSwift (~> 11.0)
    - GoogleUtilities/Environment (~> 8.0)
    - "GoogleUtilities/NSData+zlib (~> 8.0)"
  - FirebaseRemoteConfigInterop (11.12.0)
  - FirebaseSessions (11.3.0):
    - FirebaseCore (~> 11.0)
    - FirebaseCoreExtension (~> 11.0)
    - FirebaseInstallations (~> 11.0)
    - GoogleDataTransport (~> 10.0)
    - GoogleUtilities/Environment (~> 8.0)
    - GoogleUtilities/UserDefaults (~> 8.0)
    - nanopb (~> 3.30910.0)
    - PromisesSwift (~> 2.1)
  - FirebaseSharedSwift (11.12.0)
  - Flutter (1.0.0)
  - flutter_app_lifecycle (0.0.1):
    - Flutter
  - flutter_local_notifications (0.0.1):
    - Flutter
  - flutter_tba_info (0.0.1):
    - Flutter
  - flutter_topon_ad_plugins (0.0.1):
    - Flutter
  - fluttertoast (0.0.2):
    - Flutter
    - Toast
  - Fyber_Marketplace_SDK (8.3.6)
  - GDTMobSDK (4.15.40)
  - Google-Mobile-Ads-SDK (12.6.0):
    - GoogleUserMessagingPlatform (>= 1.1)
  - GoogleAppMeasurement (11.0.0):
    - GoogleAppMeasurement/AdIdSupport (= 11.0.0)
    - GoogleUtilities/AppDelegateSwizzler (~> 8.0)
    - GoogleUtilities/MethodSwizzler (~> 8.0)
    - GoogleUtilities/Network (~> 8.0)
    - "GoogleUtilities/NSData+zlib (~> 8.0)"
    - nanopb (~> 3.30910.0)
  - GoogleAppMeasurement/AdIdSupport (11.0.0):
    - GoogleAppMeasurement/WithoutAdIdSupport (= 11.0.0)
    - GoogleUtilities/AppDelegateSwizzler (~> 8.0)
    - GoogleUtilities/MethodSwizzler (~> 8.0)
    - GoogleUtilities/Network (~> 8.0)
    - "GoogleUtilities/NSData+zlib (~> 8.0)"
    - nanopb (~> 3.30910.0)
  - GoogleAppMeasurement/WithoutAdIdSupport (11.0.0):
    - GoogleUtilities/AppDelegateSwizzler (~> 8.0)
    - GoogleUtilities/MethodSwizzler (~> 8.0)
    - GoogleUtilities/Network (~> 8.0)
    - "GoogleUtilities/NSData+zlib (~> 8.0)"
    - nanopb (~> 3.30910.0)
  - GoogleDataTransport (10.1.0):
    - nanopb (~> 3.30910.0)
    - PromisesObjC (~> 2.4)
  - GoogleUserMessagingPlatform (3.0.0)
  - GoogleUtilities/AppDelegateSwizzler (8.1.0):
    - GoogleUtilities/Environment
    - GoogleUtilities/Logger
    - GoogleUtilities/Network
    - GoogleUtilities/Privacy
  - GoogleUtilities/Environment (8.1.0):
    - GoogleUtilities/Privacy
  - GoogleUtilities/Logger (8.1.0):
    - GoogleUtilities/Environment
    - GoogleUtilities/Privacy
  - GoogleUtilities/MethodSwizzler (8.1.0):
    - GoogleUtilities/Logger
    - GoogleUtilities/Privacy
  - GoogleUtilities/Network (8.1.0):
    - GoogleUtilities/Logger
    - "GoogleUtilities/NSData+zlib"
    - GoogleUtilities/Privacy
    - GoogleUtilities/Reachability
  - "GoogleUtilities/NSData+zlib (8.1.0)":
    - GoogleUtilities/Privacy
  - GoogleUtilities/Privacy (8.1.0)
  - GoogleUtilities/Reachability (8.1.0):
    - GoogleUtilities/Logger
    - GoogleUtilities/Privacy
  - GoogleUtilities/UserDefaults (8.1.0):
    - GoogleUtilities/Logger
    - GoogleUtilities/Privacy
  - InMobiSDK (10.8.2)
  - IronSourceSDK (8.8.0.0)
  - KSAdSDK (3.3.76)
  - KwaiAdsSDK (1.1.0)
  - MintegralAdSDK/All (7.7.7):
    - MintegralAdSDK/BannerAd
    - MintegralAdSDK/BidNativeAd
    - MintegralAdSDK/InterstitialVideoAd
    - MintegralAdSDK/NativeAd
    - MintegralAdSDK/NativeAdvancedAd
    - MintegralAdSDK/NewInterstitialAd
    - MintegralAdSDK/RewardVideoAd
    - MintegralAdSDK/SplashAd
  - MintegralAdSDK/BannerAd (7.7.7):
    - MintegralAdSDK/NativeAd
  - MintegralAdSDK/BidNativeAd (7.7.7):
    - MintegralAdSDK/NativeAd
  - MintegralAdSDK/InterstitialVideoAd (7.7.7):
    - MintegralAdSDK/NativeAd
  - MintegralAdSDK/NativeAd (7.7.7)
  - MintegralAdSDK/NativeAdvancedAd (7.7.7):
    - MintegralAdSDK/NativeAd
  - MintegralAdSDK/NewInterstitialAd (7.7.7):
    - MintegralAdSDK/InterstitialVideoAd
    - MintegralAdSDK/NativeAd
  - MintegralAdSDK/RewardVideoAd (7.7.7):
    - MintegralAdSDK/NativeAd
  - MintegralAdSDK/SplashAd (7.7.7):
    - MintegralAdSDK/NativeAd
  - nanopb (3.30910.0):
    - nanopb/decode (= 3.30910.0)
    - nanopb/encode (= 3.30910.0)
  - nanopb/decode (3.30910.0)
  - nanopb/encode (3.30910.0)
  - path_provider_foundation (0.0.1):
    - Flutter
    - FlutterMacOS
  - PromisesObjC (2.4.0)
  - PromisesSwift (2.4.0):
    - PromisesObjC (= 2.4.0)
  - solitaire_p1 (0.0.1):
    - Flutter
  - solitaire_p2 (0.0.1):
    - Flutter
  - solitaire_p3 (0.0.1):
    - Flutter
  - sqflite (0.0.3):
    - Flutter
    - FlutterMacOS
  - Toast (4.1.1)
  - TPNAdmobSDKAdapter (6.4.88.1):
    - Google-Mobile-Ads-SDK (= 12.6.0)
    - TPNiOS (= 6.4.88)
  - TPNBaiduSDKAdapter (6.4.88):
    - BaiduMobAdSDK (= 5.391)
    - TPNiOS (= 6.4.88)
  - TPNBigoSDKAdapter (6.4.88):
    - BigoADS (= 4.7.0)
    - TPNiOS (= 6.4.88)
  - TPNChartboostSDKAdapter (6.4.88):
    - ChartboostMediationAdapterChartboost (= 4.9.8.0.1)
    - ChartboostMediationSDK (= 4.9.0.1)
    - ChartboostSDK (= 9.8.1)
    - TPNiOS (= 6.4.88)
  - TPNDebugUISDK (1.0.6):
    - TPNiOS (>= 6.4.88)
  - TPNFacebookSDKAdapter (6.4.88):
    - FBAudienceNetwork (= 6.17.1)
    - TPNiOS (= 6.4.88)
  - TPNFyberSDKAdapter (6.4.88):
    - Fyber_Marketplace_SDK (= 8.3.6)
    - TPNiOS (= 6.4.88)
  - TPNGDTSDKAdapter (6.4.88):
    - GDTMobSDK (= 4.15.40)
    - TPNiOS (= 6.4.88)
  - TPNGromoreSDKAdapter (6.4.88):
    - Ads-CN/BUAdSDK (= 6.7.0.8)
    - Ads-CN/CSJMediation (= 6.7.0.8)
    - TPNiOS (= 6.4.88)
  - TPNInmobiSDKAdapter (6.4.88):
    - InMobiSDK (= 10.8.2)
    - TPNiOS (= 6.4.88)
  - TPNiOS (6.4.88):
    - TPNiOS/TPNSDK (= 6.4.88)
  - TPNiOS/TPNSDK (6.4.88)
  - TPNIronSourceSDKAdapter (6.4.88):
    - IronSourceSDK (= 8.8.0.0)
    - TPNiOS (= 6.4.88)
  - TPNKuaiShouSDKAdapter (6.4.88):
    - KSAdSDK (= 3.3.76)
    - TPNiOS (= 6.4.88)
  - TPNKwaiSDKAdapter (6.4.88):
    - KwaiAdsSDK (= 1.1.0)
    - TPNiOS (= 6.4.88)
  - TPNMintegralSDKAdapter (6.4.88):
    - MintegralAdSDK/All (= 7.7.7)
    - TPNiOS (= 6.4.88)
  - TPNPangleSDKAdapter (6.4.88):
    - Ads-Global (= 7.1.1.0)
    - TPNiOS (= 6.4.88)
  - TPNTTSDKAdapter_Mix (6.4.88):
    - Ads-CN/BUAdSDK (= 6.7.0.8)
    - Ads-CN/CSJMediation (= 6.7.0.8)
    - TPNiOS (= 6.4.88)
  - TPNUnityAdsSDKAdapter (6.4.88):
    - TPNiOS (= 6.4.88)
    - UnityAds (= 4.14.2)
  - TPNVungleSDKAdapter (6.4.88):
    - TPNiOS (= 6.4.88)
    - VungleAds (= 7.5.1)
  - UnityAds (4.14.2)
  - url_launcher_ios (0.0.1):
    - Flutter
  - VungleAds (7.5.1)
  - webview_flutter_wkwebview (0.0.1):
    - Flutter

DEPENDENCIES:
  - anythink_sdk (from `.symlinks/plugins/anythink_sdk/ios`)
  - app_tracking_transparency (from `.symlinks/plugins/app_tracking_transparency/ios`)
  - appsflyer_sdk (from `.symlinks/plugins/appsflyer_sdk/ios`)
  - audioplayers_darwin (from `.symlinks/plugins/audioplayers_darwin/ios`)
  - connectivity_plus (from `.symlinks/plugins/connectivity_plus/ios`)
  - firebase_analytics (from `.symlinks/plugins/firebase_analytics/ios`)
  - firebase_core (from `.symlinks/plugins/firebase_core/ios`)
  - firebase_crashlytics (from `.symlinks/plugins/firebase_crashlytics/ios`)
  - firebase_remote_config (from `.symlinks/plugins/firebase_remote_config/ios`)
  - Flutter (from `Flutter`)
  - flutter_app_lifecycle (from `.symlinks/plugins/flutter_app_lifecycle/ios`)
  - flutter_local_notifications (from `.symlinks/plugins/flutter_local_notifications/ios`)
  - flutter_tba_info (from `.symlinks/plugins/flutter_tba_info/ios`)
  - flutter_topon_ad_plugins (from `.symlinks/plugins/flutter_topon_ad_plugins/ios`)
  - fluttertoast (from `.symlinks/plugins/fluttertoast/ios`)
  - path_provider_foundation (from `.symlinks/plugins/path_provider_foundation/darwin`)
  - solitaire_p1 (from `.symlinks/plugins/solitaire_p1/ios`)
  - solitaire_p2 (from `.symlinks/plugins/solitaire_p2/ios`)
  - solitaire_p3 (from `.symlinks/plugins/solitaire_p3/ios`)
  - sqflite (from `.symlinks/plugins/sqflite/darwin`)
  - TPNAdmobSDKAdapter (= 6.4.88.1)
  - TPNBigoSDKAdapter (= 6.4.88)
  - TPNChartboostSDKAdapter (= 6.4.88)
  - TPNFacebookSDKAdapter (= 6.4.88)
  - TPNFyberSDKAdapter (= 6.4.88)
  - TPNInmobiSDKAdapter (= 6.4.88)
  - TPNiOS (= 6.4.88)
  - TPNIronSourceSDKAdapter (= 6.4.88)
  - TPNKwaiSDKAdapter (= 6.4.88)
  - TPNMintegralSDKAdapter (= 6.4.88)
  - TPNPangleSDKAdapter (= 6.4.88)
  - TPNUnityAdsSDKAdapter (= 6.4.88)
  - TPNVungleSDKAdapter (= 6.4.88)
  - url_launcher_ios (from `.symlinks/plugins/url_launcher_ios/ios`)
  - webview_flutter_wkwebview (from `.symlinks/plugins/webview_flutter_wkwebview/ios`)

SPEC REPOS:
  trunk:
    - Ads-CN
    - Ads-Global
    - AppsFlyerFramework
    - BaiduMobAdSDK
    - BigoADS
    - ChartboostMediationAdapterChartboost
    - ChartboostMediationSDK
    - ChartboostSDK
    - FBAudienceNetwork
    - Firebase
    - FirebaseABTesting
    - FirebaseAnalytics
    - FirebaseCore
    - FirebaseCoreExtension
    - FirebaseCoreInternal
    - FirebaseCrashlytics
    - FirebaseInstallations
    - FirebaseRemoteConfig
    - FirebaseRemoteConfigInterop
    - FirebaseSessions
    - FirebaseSharedSwift
    - Fyber_Marketplace_SDK
    - GDTMobSDK
    - Google-Mobile-Ads-SDK
    - GoogleAppMeasurement
    - GoogleDataTransport
    - GoogleUserMessagingPlatform
    - GoogleUtilities
    - InMobiSDK
    - IronSourceSDK
    - KSAdSDK
    - KwaiAdsSDK
    - MintegralAdSDK
    - nanopb
    - PromisesObjC
    - PromisesSwift
    - Toast
    - TPNAdmobSDKAdapter
    - TPNBaiduSDKAdapter
    - TPNBigoSDKAdapter
    - TPNChartboostSDKAdapter
    - TPNDebugUISDK
    - TPNFacebookSDKAdapter
    - TPNFyberSDKAdapter
    - TPNGDTSDKAdapter
    - TPNGromoreSDKAdapter
    - TPNInmobiSDKAdapter
    - TPNiOS
    - TPNIronSourceSDKAdapter
    - TPNKuaiShouSDKAdapter
    - TPNKwaiSDKAdapter
    - TPNMintegralSDKAdapter
    - TPNPangleSDKAdapter
    - TPNTTSDKAdapter_Mix
    - TPNUnityAdsSDKAdapter
    - TPNVungleSDKAdapter
    - UnityAds
    - VungleAds

EXTERNAL SOURCES:
  anythink_sdk:
    :path: ".symlinks/plugins/anythink_sdk/ios"
  app_tracking_transparency:
    :path: ".symlinks/plugins/app_tracking_transparency/ios"
  appsflyer_sdk:
    :path: ".symlinks/plugins/appsflyer_sdk/ios"
  audioplayers_darwin:
    :path: ".symlinks/plugins/audioplayers_darwin/ios"
  connectivity_plus:
    :path: ".symlinks/plugins/connectivity_plus/ios"
  firebase_analytics:
    :path: ".symlinks/plugins/firebase_analytics/ios"
  firebase_core:
    :path: ".symlinks/plugins/firebase_core/ios"
  firebase_crashlytics:
    :path: ".symlinks/plugins/firebase_crashlytics/ios"
  firebase_remote_config:
    :path: ".symlinks/plugins/firebase_remote_config/ios"
  Flutter:
    :path: Flutter
  flutter_app_lifecycle:
    :path: ".symlinks/plugins/flutter_app_lifecycle/ios"
  flutter_local_notifications:
    :path: ".symlinks/plugins/flutter_local_notifications/ios"
  flutter_tba_info:
    :path: ".symlinks/plugins/flutter_tba_info/ios"
  flutter_topon_ad_plugins:
    :path: ".symlinks/plugins/flutter_topon_ad_plugins/ios"
  fluttertoast:
    :path: ".symlinks/plugins/fluttertoast/ios"
  path_provider_foundation:
    :path: ".symlinks/plugins/path_provider_foundation/darwin"
  solitaire_p1:
    :path: ".symlinks/plugins/solitaire_p1/ios"
  solitaire_p2:
    :path: ".symlinks/plugins/solitaire_p2/ios"
  solitaire_p3:
    :path: ".symlinks/plugins/solitaire_p3/ios"
  sqflite:
    :path: ".symlinks/plugins/sqflite/darwin"
  url_launcher_ios:
    :path: ".symlinks/plugins/url_launcher_ios/ios"
  webview_flutter_wkwebview:
    :path: ".symlinks/plugins/webview_flutter_wkwebview/ios"

SPEC CHECKSUMS:
  Ads-CN: 4dcb5105a7105f76bcefb246e69daf6c39db2778
  Ads-Global: a37caba17e88311462278dd2e2b0d3a5dcbbfce2
  anythink_sdk: fca6131bf6de71f1748c432dcb5c45a7b4bdd43f
  app_tracking_transparency: 3d84f147f67ca82d3c15355c36b1fa6b66ca7c92
  appsflyer_sdk: 2765219407587b6f8e3b34bf33a87ebf96937a51
  AppsFlyerFramework: ad7ff0d22aa36c7f8cc4f71a5424e19b89ccb8ae
  audioplayers_darwin: ccf9c770ee768abb07e26d90af093f7bab1c12ab
  BaiduMobAdSDK: 46794a55f9f1b690dd1955dcf98e7bd2dce79d1b
  BigoADS: 8f0cee203e50095cc4d43dc5067695fc32eb094f
  ChartboostMediationAdapterChartboost: 35f88bacf5669be31a354ccfac29e66f95258ec4
  ChartboostMediationSDK: e0976ce3765d6734b96b55cec00c653a38159f9d
  ChartboostSDK: 5d387aeccf2748cd71c0b033e6c2cad4a558b308
  connectivity_plus: cb623214f4e1f6ef8fe7403d580fdad517d2f7dd
  FBAudienceNetwork: eb3ffbf2b35df25e21e163657044ffef66616a40
  Firebase: 9f574c08c2396885b5e7e100ed4293d956218af9
  firebase_analytics: 7c395c58f1942e81d8425a3ebcb8b74e9db13b6d
  firebase_core: 53cecb83c72fea329b267bb0accb06a33e9f036a
  firebase_crashlytics: 4a35a15cbb0d9ba176f9bb2dfd3aa44c762c434f
  firebase_remote_config: 27bccd8aeb0773cbeb226404f9d5521e4514675c
  FirebaseABTesting: aef1719704fade00b200827e7973f352efc4caee
  FirebaseAnalytics: 27eb78b97880ea4a004839b9bac0b58880f5a92a
  FirebaseCore: 3cf438f431f18c12cdf2aaf64434648b63f7e383
  FirebaseCoreExtension: f1bc67a4702931a7caa097d8e4ac0a1b0d16720e
  FirebaseCoreInternal: 480d23e21f699cc7bcbc3d8eaa301f15d1e3ffaf
  FirebaseCrashlytics: 745d8f0221fe49c62865391d1bf56f5a12eeec0b
  FirebaseInstallations: 6ef4a1c7eb2a61ee1f74727d7f6ce2e72acf1414
  FirebaseRemoteConfig: fe8b7e6d6770fefbde27b0cac3f3deffba6e7326
  FirebaseRemoteConfigInterop: 82b81fd06ee550cbeff40004e2c106daedf73e38
  FirebaseSessions: 655ff17f3cc1a635cbdc2d69b953878001f9e25b
  FirebaseSharedSwift: d2475748a2d2a36242ed13baa34b2acda846c925
  Flutter: e0871f40cf51350855a761d2e70bf5af5b9b5de7
  flutter_app_lifecycle: 96f63b433a79e643add0fd0a58eabf1a0877e176
  flutter_local_notifications: 395056b3175ba4f08480a7c5de30cd36d69827e4
  flutter_tba_info: fce89f2ce0bf3af177f0c88e99b153260bc6a7df
  flutter_topon_ad_plugins: 6ea98e6e91ba1a39e61fc21329c673bbd176cd13
  fluttertoast: 61c4d04b244937570e728fcd5f541ddc8b58d01c
  Fyber_Marketplace_SDK: 231146f679a38b29fe40c855b51c2a7dc085c116
  GDTMobSDK: ec2e9b392268a556e4d5e6ade6d00885d76a2cc5
  Google-Mobile-Ads-SDK: 198db3cfaaafdacf4ebfa273944c844792d483d1
  GoogleAppMeasurement: 6e49ffac7d3f2c3ded9cc663f912a13b67bbd0de
  GoogleDataTransport: aae35b7ea0c09004c3797d53c8c41f66f219d6a7
  GoogleUserMessagingPlatform: f8d0cdad3ca835406755d0a69aa634f00e76d576
  GoogleUtilities: 00c88b9a86066ef77f0da2fab05f65d7768ed8e1
  InMobiSDK: bf6bc10caae18237d097755d19ff5441f146f9c7
  IronSourceSDK: ff0b14630899756847f7608a75182f10f022e5ef
  KSAdSDK: 360e6e5f7aa510f1fac3a610f9e092778bd71b24
  KwaiAdsSDK: bd892c25788db912560df8dcc17711f32a742509
  MintegralAdSDK: 190c6cd3d83b31b51833e3341857c58dc430da2e
  nanopb: fad817b59e0457d11a5dfbde799381cd727c1275
  path_provider_foundation: 080d55be775b7414fd5a5ef3ac137b97b097e564
  PromisesObjC: f5707f49cb48b9636751c5b2e7d227e43fba9f47
  PromisesSwift: 9d77319bbe72ebf6d872900551f7eeba9bce2851
  solitaire_p1: 6536638bf66f9b24e5d3f1af89270ccf1491a203
  solitaire_p2: dd98d1c5656cb99dc6b42118adf9bfb9336f55af
  solitaire_p3: 5c3fc33745ae5c414116e8d397aac1c1df0961e2
  sqflite: c35dad70033b8862124f8337cc994a809fcd9fa3
  Toast: 1f5ea13423a1e6674c4abdac5be53587ae481c4e
  TPNAdmobSDKAdapter: c54f16dcd0ebeaa550c1c7e81ccf1c5ed3caa74f
  TPNBaiduSDKAdapter: 378a2c54fe95c66392337e52b6113af6be80bd60
  TPNBigoSDKAdapter: 7872aa6f8a5229d81da87d1b0d75b46c43b6d4be
  TPNChartboostSDKAdapter: c6753a650a9ccb391b1b6fa5548b058964ff40b8
  TPNDebugUISDK: 4a6f89917168fdcb83c04cc6e7417522a8212b46
  TPNFacebookSDKAdapter: fad660630152975dbb9426a4f88ec5db49dfc3ef
  TPNFyberSDKAdapter: bf4ba227575c7c668645d1e52f4783a3ef234a77
  TPNGDTSDKAdapter: 2bd86609b1cf7cc7e4e51098796f011b607c9ac9
  TPNGromoreSDKAdapter: b4baf524893b924b0aae2d117c985fefbb939260
  TPNInmobiSDKAdapter: a6e405d06162b7adc13ac456ccd751760c29fd4f
  TPNiOS: 3d6d8650a94bca6572245e90ab389b9c56709569
  TPNIronSourceSDKAdapter: 7b342d6f0a956a06d3f3832ad807c09c6024ce02
  TPNKuaiShouSDKAdapter: 2ec48e65e3df03740f2cb2e13310c7139750c69c
  TPNKwaiSDKAdapter: 702f5d2e55b2ceafd1ab1392580f61d1795c441f
  TPNMintegralSDKAdapter: b37d4bfe9a3a93e027a63e35da1e2ab9b5d86dd7
  TPNPangleSDKAdapter: 5e5fbdc6f7cae6039deee6b5a6ea0b65e54ac961
  TPNTTSDKAdapter_Mix: 7f525dd108ff94f79baf06a8474ecc183cc990d6
  TPNUnityAdsSDKAdapter: 77ee65bdc7050cd7cdf324c40a7dbeefce085117
  TPNVungleSDKAdapter: 9a50a058aedc796f98e72f9bba84658f20a4ce60
  UnityAds: eabbbb3014326e45dc221a467fba16960e7b73e3
  url_launcher_ios: 694010445543906933d732453a59da0a173ae33d
  VungleAds: f7143149d6160211c6d462453adce125160e4283
  webview_flutter_wkwebview: 45a041c7831641076618876de3ba75c712860c6b

PODFILE CHECKSUM: 3fb6b5dc0e8cb394ad9ccb5f602a084525309b3a

COCOAPODS: 1.16.2
